
Microsoft Visual Studio Solution File, Format Version 12.00
# Visual Studio Version 17
VisualStudioVersion = 17.8.34511.84
MinimumVisualStudioVersion = 10.0.40219.1
Project("{9A19103F-16F7-4668-BE54-9A1E7A4F7556}") = "UnitConverterUI", "UnitConverter\UnitConverterUI.csproj", "{51109236-2F80-4BAE-82A8-EEF3C2BAE4C8}"
EndProject
Global
	GlobalSection(SolutionConfigurationPlatforms) = preSolution
		Debug|Any CPU = Debug|Any CPU
		Release|Any CPU = Release|Any CPU
	EndGlobalSection
	GlobalSection(ProjectConfigurationPlatforms) = postSolution
		{51109236-2F80-4BAE-82A8-EEF3C2BAE4C8}.Debug|Any CPU.ActiveCfg = Debug|Any CPU
		{51109236-2F80-4BAE-82A8-EEF3C2BAE4C8}.Debug|Any CPU.Build.0 = Debug|Any CPU
		{51109236-2F80-4BAE-82A8-EEF3C2BAE4C8}.Release|Any CPU.ActiveCfg = Release|Any CPU
		{51109236-2F80-4BAE-82A8-EEF3C2BAE4C8}.Release|Any CPU.Build.0 = Release|Any CPU
	EndGlobalSection
	GlobalSection(SolutionProperties) = preSolution
		HideSolutionNode = FALSE
	EndGlobalSection
	GlobalSection(ExtensibilityGlobals) = postSolution
		SolutionGuid = {A45EF14C-DD22-4070-B22C-7D62EC41518C}
	EndGlobalSection
EndGlobal
